
Microsoft Visual Studio Solution File, Format Version 12.00
# Visual Studio Version 17
VisualStudioVersion = 17.4.33110.190
MinimumVisualStudioVersion = 10.0.40219.1
Project("{FAE04EC0-301F-11D3-BF4B-00C04F79EFBC}") = "tourManagment", "tourManagment\tourManagment.csproj", "{311749AB-8614-406F-819E-F9191E4BA8D9}"
EndProject
Project("{FAE04EC0-301F-11D3-BF4B-00C04F79EFBC}") = "DAL", "DAL\DAL.csproj", "{EBBFA43B-1E98-45BF-A36E-39C3C16C6BF9}"
EndProject
Project("{FAE04EC0-301F-11D3-BF4B-00C04F79EFBC}") = "BLL", "BLL\BLL.csproj", "{AB4C1D22-376E-4D49-8FA4-3C94BE9AF017}"
EndProject
Global
	GlobalSection(SolutionConfigurationPlatforms) = preSolution
		Debug|Any CPU = Debug|Any CPU
		Release|Any CPU = Release|Any CPU
	EndGlobalSection
	GlobalSection(ProjectConfigurationPlatforms) = postSolution
		{311749AB-8614-406F-819E-F9191E4BA8D9}.Debug|Any CPU.ActiveCfg = Debug|Any CPU
		{311749AB-8614-406F-819E-F9191E4BA8D9}.Debug|Any CPU.Build.0 = Debug|Any CPU
		{311749AB-8614-406F-819E-F9191E4BA8D9}.Release|Any CPU.ActiveCfg = Release|Any CPU
		{311749AB-8614-406F-819E-F9191E4BA8D9}.Release|Any CPU.Build.0 = Release|Any CPU
		{EBBFA43B-1E98-45BF-A36E-39C3C16C6BF9}.Debug|Any CPU.ActiveCfg = Debug|Any CPU
		{EBBFA43B-1E98-45BF-A36E-39C3C16C6BF9}.Debug|Any CPU.Build.0 = Debug|Any CPU
		{EBBFA43B-1E98-45BF-A36E-39C3C16C6BF9}.Release|Any CPU.ActiveCfg = Release|Any CPU
		{EBBFA43B-1E98-45BF-A36E-39C3C16C6BF9}.Release|Any CPU.Build.0 = Release|Any CPU
		{AB4C1D22-376E-4D49-8FA4-3C94BE9AF017}.Debug|Any CPU.ActiveCfg = Debug|Any CPU
		{AB4C1D22-376E-4D49-8FA4-3C94BE9AF017}.Debug|Any CPU.Build.0 = Debug|Any CPU
		{AB4C1D22-376E-4D49-8FA4-3C94BE9AF017}.Release|Any CPU.ActiveCfg = Release|Any CPU
		{AB4C1D22-376E-4D49-8FA4-3C94BE9AF017}.Release|Any CPU.Build.0 = Release|Any CPU
	EndGlobalSection
	GlobalSection(SolutionProperties) = preSolution
		HideSolutionNode = FALSE
	EndGlobalSection
	GlobalSection(ExtensibilityGlobals) = postSolution
		SolutionGuid = {CDDECB35-0C5E-4D6D-9F11-2BCA43ED3EEA}
	EndGlobalSection
EndGlobal
